
Microsoft Visual Studio Solution File, Format Version 12.00
# Visual Studio Version 17
VisualStudioVersion = 17.6.33815.320
MinimumVisualStudioVersion = 10.0.40219.1
Project("{FAE04EC0-301F-11D3-BF4B-00C04F79EFBC}") = "Sec-8_1.8_DoublyLinkedList", "Sec-8_1.8_DoublyLinkedList\Sec-8_1.8_DoublyLinkedList.csproj", "{C7F5B21A-BB5C-445C-ADB3-8B50F47403E7}"
EndProject
Global
	GlobalSection(SolutionConfigurationPlatforms) = preSolution
		Debug|Any CPU = Debug|Any CPU
		Release|Any CPU = Release|Any CPU
	EndGlobalSection
	GlobalSection(ProjectConfigurationPlatforms) = postSolution
		{C7F5B21A-BB5C-445C-ADB3-8B50F47403E7}.Debug|Any CPU.ActiveCfg = Debug|Any CPU
		{C7F5B21A-BB5C-445C-ADB3-8B50F47403E7}.Debug|Any CPU.Build.0 = Debug|Any CPU
		{C7F5B21A-BB5C-445C-ADB3-8B50F47403E7}.Release|Any CPU.ActiveCfg = Release|Any CPU
		{C7F5B21A-BB5C-445C-ADB3-8B50F47403E7}.Release|Any CPU.Build.0 = Release|Any CPU
	EndGlobalSection
	GlobalSection(SolutionProperties) = preSolution
		HideSolutionNode = FALSE
	EndGlobalSection
	GlobalSection(ExtensibilityGlobals) = postSolution
		SolutionGuid = {30B40E79-3619-4368-94DD-9D9E25495FA1}
	EndGlobalSection
EndGlobal
