
Microsoft Visual Studio Solution File, Format Version 12.00
# Visual Studio Version 17
VisualStudioVersion = 17.6.33815.320
MinimumVisualStudioVersion = 10.0.40219.1
Project("{FAE04EC0-301F-11D3-BF4B-00C04F79EFBC}") = "Sec-8_1.31_QuickSort", "Sec-8_1.31_QuickSort\Sec-8_1.31_QuickSort.csproj", "{62D17B6D-702B-494A-8322-877358BDAB22}"
EndProject
Global
	GlobalSection(SolutionConfigurationPlatforms) = preSolution
		Debug|Any CPU = Debug|Any CPU
		Release|Any CPU = Release|Any CPU
	EndGlobalSection
	GlobalSection(ProjectConfigurationPlatforms) = postSolution
		{62D17B6D-702B-494A-8322-877358BDAB22}.Debug|Any CPU.ActiveCfg = Debug|Any CPU
		{62D17B6D-702B-494A-8322-877358BDAB22}.Debug|Any CPU.Build.0 = Debug|Any CPU
		{62D17B6D-702B-494A-8322-877358BDAB22}.Release|Any CPU.ActiveCfg = Release|Any CPU
		{62D17B6D-702B-494A-8322-877358BDAB22}.Release|Any CPU.Build.0 = Release|Any CPU
	EndGlobalSection
	GlobalSection(SolutionProperties) = preSolution
		HideSolutionNode = FALSE
	EndGlobalSection
	GlobalSection(ExtensibilityGlobals) = postSolution
		SolutionGuid = {D505D3C3-0074-4180-8AA5-90B0070917CE}
	EndGlobalSection
EndGlobal
