
Microsoft Visual Studio Solution File, Format Version 12.00
# Visual Studio Version 17
VisualStudioVersion = 17.6.33815.320
MinimumVisualStudioVersion = 10.0.40219.1
Project("{FAE04EC0-301F-11D3-BF4B-00C04F79EFBC}") = "Sec-6_1.8_HandlingDates", "Sec-6_1.8_HandlingDates\Sec-6_1.8_HandlingDates.csproj", "{48F6BB19-AA74-4A94-8EBA-53A2FE3E273F}"
EndProject
Global
	GlobalSection(SolutionConfigurationPlatforms) = preSolution
		Debug|Any CPU = Debug|Any CPU
		Release|Any CPU = Release|Any CPU
	EndGlobalSection
	GlobalSection(ProjectConfigurationPlatforms) = postSolution
		{48F6BB19-AA74-4A94-8EBA-53A2FE3E273F}.Debug|Any CPU.ActiveCfg = Debug|Any CPU
		{48F6BB19-AA74-4A94-8EBA-53A2FE3E273F}.Debug|Any CPU.Build.0 = Debug|Any CPU
		{48F6BB19-AA74-4A94-8EBA-53A2FE3E273F}.Release|Any CPU.ActiveCfg = Release|Any CPU
		{48F6BB19-AA74-4A94-8EBA-53A2FE3E273F}.Release|Any CPU.Build.0 = Release|Any CPU
	EndGlobalSection
	GlobalSection(SolutionProperties) = preSolution
		HideSolutionNode = FALSE
	EndGlobalSection
	GlobalSection(ExtensibilityGlobals) = postSolution
		SolutionGuid = {405F7DE1-F253-41BF-BCB6-8848E7381EDB}
	EndGlobalSection
EndGlobal
