
Microsoft Visual Studio Solution File, Format Version 12.00
# Visual Studio Version 17
VisualStudioVersion = 17.6.33815.320
MinimumVisualStudioVersion = 10.0.40219.1
Project("{FAE04EC0-301F-11D3-BF4B-00C04F79EFBC}") = "Sec-10_1.13_Interfaces", "Sec-10_1.13_Interfaces\Sec-10_1.13_Interfaces.csproj", "{479CC84E-8EB8-40C4-AA48-47EACF11C9A4}"
EndProject
Global
	GlobalSection(SolutionConfigurationPlatforms) = preSolution
		Debug|Any CPU = Debug|Any CPU
		Release|Any CPU = Release|Any CPU
	EndGlobalSection
	GlobalSection(ProjectConfigurationPlatforms) = postSolution
		{479CC84E-8EB8-40C4-AA48-47EACF11C9A4}.Debug|Any CPU.ActiveCfg = Debug|Any CPU
		{479CC84E-8EB8-40C4-AA48-47EACF11C9A4}.Debug|Any CPU.Build.0 = Debug|Any CPU
		{479CC84E-8EB8-40C4-AA48-47EACF11C9A4}.Release|Any CPU.ActiveCfg = Release|Any CPU
		{479CC84E-8EB8-40C4-AA48-47EACF11C9A4}.Release|Any CPU.Build.0 = Release|Any CPU
	EndGlobalSection
	GlobalSection(SolutionProperties) = preSolution
		HideSolutionNode = FALSE
	EndGlobalSection
	GlobalSection(ExtensibilityGlobals) = postSolution
		SolutionGuid = {B03E8AA4-E512-4956-BBDC-147BA1801E6D}
	EndGlobalSection
EndGlobal
