
Microsoft Visual Studio Solution File, Format Version 12.00
# Visual Studio Version 17
VisualStudioVersion = 17.6.33815.320
MinimumVisualStudioVersion = 10.0.40219.1
Project("{FAE04EC0-301F-11D3-BF4B-00C04F79EFBC}") = "Sec-8_1.16_BinarySearch", "Sec-8_1.16_BinarySearch\Sec-8_1.16_BinarySearch.csproj", "{5EFB0008-F2BA-4AD5-B92F-12F089AC560D}"
EndProject
Global
	GlobalSection(SolutionConfigurationPlatforms) = preSolution
		Debug|Any CPU = Debug|Any CPU
		Release|Any CPU = Release|Any CPU
	EndGlobalSection
	GlobalSection(ProjectConfigurationPlatforms) = postSolution
		{5EFB0008-F2BA-4AD5-B92F-12F089AC560D}.Debug|Any CPU.ActiveCfg = Debug|Any CPU
		{5EFB0008-F2BA-4AD5-B92F-12F089AC560D}.Debug|Any CPU.Build.0 = Debug|Any CPU
		{5EFB0008-F2BA-4AD5-B92F-12F089AC560D}.Release|Any CPU.ActiveCfg = Release|Any CPU
		{5EFB0008-F2BA-4AD5-B92F-12F089AC560D}.Release|Any CPU.Build.0 = Release|Any CPU
	EndGlobalSection
	GlobalSection(SolutionProperties) = preSolution
		HideSolutionNode = FALSE
	EndGlobalSection
	GlobalSection(ExtensibilityGlobals) = postSolution
		SolutionGuid = {BDCD0D47-7001-420C-A126-9EFAF168A062}
	EndGlobalSection
EndGlobal
