
Microsoft Visual Studio Solution File, Format Version 12.00
# Visual Studio Version 17
VisualStudioVersion = 17.6.33815.320
MinimumVisualStudioVersion = 10.0.40219.1
Project("{FAE04EC0-301F-11D3-BF4B-00C04F79EFBC}") = "Sec-6_1.4_PrimitiveTypesandExpression", "Sec-6_1.4_PrimitiveTypesandExpression\Sec-6_1.4_PrimitiveTypesandExpression.csproj", "{3ED1C946-900E-46C4-B668-11AE5A265E35}"
EndProject
Global
	GlobalSection(SolutionConfigurationPlatforms) = preSolution
		Debug|Any CPU = Debug|Any CPU
		Release|Any CPU = Release|Any CPU
	EndGlobalSection
	GlobalSection(ProjectConfigurationPlatforms) = postSolution
		{3ED1C946-900E-46C4-B668-11AE5A265E35}.Debug|Any CPU.ActiveCfg = Debug|Any CPU
		{3ED1C946-900E-46C4-B668-11AE5A265E35}.Debug|Any CPU.Build.0 = Debug|Any CPU
		{3ED1C946-900E-46C4-B668-11AE5A265E35}.Release|Any CPU.ActiveCfg = Release|Any CPU
		{3ED1C946-900E-46C4-B668-11AE5A265E35}.Release|Any CPU.Build.0 = Release|Any CPU
	EndGlobalSection
	GlobalSection(SolutionProperties) = preSolution
		HideSolutionNode = FALSE
	EndGlobalSection
	GlobalSection(ExtensibilityGlobals) = postSolution
		SolutionGuid = {F6EC73C9-BA79-4A55-811E-CE44CE6EB983}
	EndGlobalSection
EndGlobal
