
Microsoft Visual Studio Solution File, Format Version 12.00
# Visual Studio Version 17
VisualStudioVersion = 17.6.33815.320
MinimumVisualStudioVersion = 10.0.40219.1
Project("{FAE04EC0-301F-11D3-BF4B-00C04F79EFBC}") = "Sec-8_1.14_LinearSearch", "Sec-8_1.14_LinearSearch\Sec-8_1.14_LinearSearch.csproj", "{355404BE-7BFF-4EEF-9FAF-F460BA2D1546}"
EndProject
Global
	GlobalSection(SolutionConfigurationPlatforms) = preSolution
		Debug|Any CPU = Debug|Any CPU
		Release|Any CPU = Release|Any CPU
	EndGlobalSection
	GlobalSection(ProjectConfigurationPlatforms) = postSolution
		{355404BE-7BFF-4EEF-9FAF-F460BA2D1546}.Debug|Any CPU.ActiveCfg = Debug|Any CPU
		{355404BE-7BFF-4EEF-9FAF-F460BA2D1546}.Debug|Any CPU.Build.0 = Debug|Any CPU
		{355404BE-7BFF-4EEF-9FAF-F460BA2D1546}.Release|Any CPU.ActiveCfg = Release|Any CPU
		{355404BE-7BFF-4EEF-9FAF-F460BA2D1546}.Release|Any CPU.Build.0 = Release|Any CPU
	EndGlobalSection
	GlobalSection(SolutionProperties) = preSolution
		HideSolutionNode = FALSE
	EndGlobalSection
	GlobalSection(ExtensibilityGlobals) = postSolution
		SolutionGuid = {2EF7431A-5677-4D91-A710-DFD4FFF09DD6}
	EndGlobalSection
EndGlobal
