
Microsoft Visual Studio Solution File, Format Version 12.00
# Visual Studio Version 17
VisualStudioVersion = 17.6.33815.320
MinimumVisualStudioVersion = 10.0.40219.1
Project("{FAE04EC0-301F-11D3-BF4B-00C04F79EFBC}") = "Sec-6_1.13_WorkinWithFiles", "Sec-6_1.13_WorkinWithFiles\Sec-6_1.13_WorkinWithFiles.csproj", "{56C524AB-9EA2-49B9-B45A-393197E21642}"
EndProject
Global
	GlobalSection(SolutionConfigurationPlatforms) = preSolution
		Debug|Any CPU = Debug|Any CPU
		Release|Any CPU = Release|Any CPU
	EndGlobalSection
	GlobalSection(ProjectConfigurationPlatforms) = postSolution
		{56C524AB-9EA2-49B9-B45A-393197E21642}.Debug|Any CPU.ActiveCfg = Debug|Any CPU
		{56C524AB-9EA2-49B9-B45A-393197E21642}.Debug|Any CPU.Build.0 = Debug|Any CPU
		{56C524AB-9EA2-49B9-B45A-393197E21642}.Release|Any CPU.ActiveCfg = Release|Any CPU
		{56C524AB-9EA2-49B9-B45A-393197E21642}.Release|Any CPU.Build.0 = Release|Any CPU
	EndGlobalSection
	GlobalSection(SolutionProperties) = preSolution
		HideSolutionNode = FALSE
	EndGlobalSection
	GlobalSection(ExtensibilityGlobals) = postSolution
		SolutionGuid = {F3AAF347-3178-4823-AB8F-E8D3E6564C23}
	EndGlobalSection
EndGlobal
